
Microsoft Visual Studio Solution File, Format Version 12.00
# Visual Studio Version 17
VisualStudioVersion = 17.8.34408.163
MinimumVisualStudioVersion = 10.0.40219.1
Project("{9A19103F-16F7-4668-BE54-9A1E7A4F7556}") = "Exercicio01", "Exercicio01\Exercicio01.csproj", "{354C5277-39A2-4AD6-966C-D0F55B54A470}"
EndProject
Project("{9A19103F-16F7-4668-BE54-9A1E7A4F7556}") = "Exercicio02", "Exercicio02\Exercicio02.csproj", "{4981EB32-5BE7-4362-832C-938926DE8074}"
EndProject
Project("{9A19103F-16F7-4668-BE54-9A1E7A4F7556}") = "Exercicio03", "Exercicio03\Exercicio03.csproj", "{7DD0CFF6-FCA8-4BD3-A4B5-19A77A1485E3}"
EndProject
Project("{FAE04EC0-301F-11D3-BF4B-00C04F79EFBC}") = "Exercicio06", "Exercicio06\Exercicio06.csproj", "{A679F995-64F5-49F4-8ADF-4C4C9083CE73}"
EndProject
Project("{FAE04EC0-301F-11D3-BF4B-00C04F79EFBC}") = "Exercicio07", "Exercicio07\Exercicio07.csproj", "{6446EBE3-2BBD-4FC0-A229-7F8BF38CC02B}"
EndProject
Global
	GlobalSection(SolutionConfigurationPlatforms) = preSolution
		Debug|Any CPU = Debug|Any CPU
		Release|Any CPU = Release|Any CPU
	EndGlobalSection
	GlobalSection(ProjectConfigurationPlatforms) = postSolution
		{354C5277-39A2-4AD6-966C-D0F55B54A470}.Debug|Any CPU.ActiveCfg = Debug|Any CPU
		{354C5277-39A2-4AD6-966C-D0F55B54A470}.Debug|Any CPU.Build.0 = Debug|Any CPU
		{354C5277-39A2-4AD6-966C-D0F55B54A470}.Release|Any CPU.ActiveCfg = Release|Any CPU
		{354C5277-39A2-4AD6-966C-D0F55B54A470}.Release|Any CPU.Build.0 = Release|Any CPU
		{4981EB32-5BE7-4362-832C-938926DE8074}.Debug|Any CPU.ActiveCfg = Debug|Any CPU
		{4981EB32-5BE7-4362-832C-938926DE8074}.Debug|Any CPU.Build.0 = Debug|Any CPU
		{4981EB32-5BE7-4362-832C-938926DE8074}.Release|Any CPU.ActiveCfg = Release|Any CPU
		{4981EB32-5BE7-4362-832C-938926DE8074}.Release|Any CPU.Build.0 = Release|Any CPU
		{7DD0CFF6-FCA8-4BD3-A4B5-19A77A1485E3}.Debug|Any CPU.ActiveCfg = Debug|Any CPU
		{7DD0CFF6-FCA8-4BD3-A4B5-19A77A1485E3}.Debug|Any CPU.Build.0 = Debug|Any CPU
		{7DD0CFF6-FCA8-4BD3-A4B5-19A77A1485E3}.Release|Any CPU.ActiveCfg = Release|Any CPU
		{7DD0CFF6-FCA8-4BD3-A4B5-19A77A1485E3}.Release|Any CPU.Build.0 = Release|Any CPU
		{A679F995-64F5-49F4-8ADF-4C4C9083CE73}.Debug|Any CPU.ActiveCfg = Debug|Any CPU
		{A679F995-64F5-49F4-8ADF-4C4C9083CE73}.Debug|Any CPU.Build.0 = Debug|Any CPU
		{A679F995-64F5-49F4-8ADF-4C4C9083CE73}.Release|Any CPU.ActiveCfg = Release|Any CPU
		{A679F995-64F5-49F4-8ADF-4C4C9083CE73}.Release|Any CPU.Build.0 = Release|Any CPU
		{6446EBE3-2BBD-4FC0-A229-7F8BF38CC02B}.Debug|Any CPU.ActiveCfg = Debug|Any CPU
		{6446EBE3-2BBD-4FC0-A229-7F8BF38CC02B}.Debug|Any CPU.Build.0 = Debug|Any CPU
		{6446EBE3-2BBD-4FC0-A229-7F8BF38CC02B}.Release|Any CPU.ActiveCfg = Release|Any CPU
		{6446EBE3-2BBD-4FC0-A229-7F8BF38CC02B}.Release|Any CPU.Build.0 = Release|Any CPU
	EndGlobalSection
	GlobalSection(SolutionProperties) = preSolution
		HideSolutionNode = FALSE
	EndGlobalSection
	GlobalSection(ExtensibilityGlobals) = postSolution
		SolutionGuid = {77154931-E4AD-4CA2-9857-AEC465C21DD5}
	EndGlobalSection
EndGlobal
